{
  "requires": true,
  "lockfileVersion": 1,
  "dependencies": {
    "awyhttp": {
      "version": "1.0.4",
      "resolved": "https://registry.npmjs.org/awyhttp/-/awyhttp-1.0.4.tgz",
      "integrity": "sha512-VZlfkxEZcRMYDHAmFNdT+8DLxL/UP3CzJWpegmiA9hFTEpyhIJ4JqkL/YIsvA43z0004vM2EJz/9ckqbVAP6Uw=="
    }
  }
}
